
Microsoft Visual Studio Solution File, Format Version 12.00
# Visual Studio Version 17
VisualStudioVersion = 17.0.31903.59
MinimumVisualStudioVersion = 10.0.40219.1
Project("{2150E333-8FDC-42A3-9474-1A3956D46DE8}") = "src", "src", "{68EDF19A-B410-4AEC-AFE8-6974CE3F8100}"
EndProject
Project("{2150E333-8FDC-42A3-9474-1A3956D46DE8}") = "Solution Items", "Solution Items", "{EBAB86B0-18EE-4B7F-9AC4-A3CDCCF14F30}"
	ProjectSection(SolutionItems) = preProject
		docker-compose.yml = docker-compose.yml
		README.md = README.md
		.dockerignore = .dockerignore
		.gitignore = .gitignore
		.editorconfig = .editorconfig
	EndProjectSection
EndProject
Project("{2150E333-8FDC-42A3-9474-1A3956D46DE8}") = "tests", "tests", "{EE4D2B3F-9808-4BD8-AFF6-2906C4E1EFA3}"
EndProject
Project("{FAE04EC0-301F-11D3-BF4B-00C04F79EFBC}") = "BankingApp.Domain", "src\BankingApp.Domain\BankingApp.Domain.csproj", "{5730F974-36A8-47E3-930F-B88FD817AE77}"
EndProject
Project("{FAE04EC0-301F-11D3-BF4B-00C04F79EFBC}") = "BankingApp.Infrastructure", "src\BankingApp.Infrastructure\BankingApp.Infrastructure.csproj", "{41B4DB0B-536A-43C7-AAC9-1C3AB76D1269}"
EndProject
Project("{FAE04EC0-301F-11D3-BF4B-00C04F79EFBC}") = "BankingApp.Application", "src\BankingApp.Application\BankingApp.Application.csproj", "{303164F4-CA43-4B79-97B1-30CCB8485C60}"
EndProject
Project("{FAE04EC0-301F-11D3-BF4B-00C04F79EFBC}") = "BankingApp.Api", "src\BankingApp.Api\BankingApp.Api.csproj", "{82E3F88E-0072-49C6-A113-98429162E79D}"
EndProject
Project("{FAE04EC0-301F-11D3-BF4B-00C04F79EFBC}") = "BankingApp.UnitTests", "tests\BankingApp.UnitTests\BankingApp.UnitTests.csproj", "{8C121E9F-0350-4A94-B42A-F2A2D683C4B9}"
EndProject
Project("{2150E333-8FDC-42A3-9474-1A3956D46DE8}") = "Core", "Core", "{43436468-887C-4040-8F70-C734F09B3A5B}"
EndProject
Project("{FAE04EC0-301F-11D3-BF4B-00C04F79EFBC}") = "BankingApp.Domain.Core", "src\Core\BankingApp.Domain.Core\BankingApp.Domain.Core.csproj", "{093AB3CF-A1F3-47C6-AD87-E1C3D3DAE2A8}"
EndProject
Project("{2150E333-8FDC-42A3-9474-1A3956D46DE8}") = "Transactions", "Transactions", "{5FA22814-A2B3-462D-BF18-39E2AA84D100}"
EndProject
Project("{FAE04EC0-301F-11D3-BF4B-00C04F79EFBC}") = "BankingApp.Transactions.Domain", "src\Transactions\BankingApp.Transactions.Domain\BankingApp.Transactions.Domain.csproj", "{E399EB9A-3F08-4D80-8482-3FBD499AA0AA}"
EndProject
Project("{FAE04EC0-301F-11D3-BF4B-00C04F79EFBC}") = "BankingApp.Transactions.UnitTests", "src\Transactions\BankingApp.Transactions.UnitTests\BankingApp.Transactions.UnitTests.csproj", "{311CEE69-3AAD-496D-BC88-C33D5AB156B8}"
EndProject
Project("{FAE04EC0-301F-11D3-BF4B-00C04F79EFBC}") = "BankingApp.Transactions.API", "src\Transactions\BankingApp.Transactions.API\BankingApp.Transactions.API.csproj", "{A20B46A5-985F-46A0-BD01-CADDB28A14A4}"
EndProject
Project("{FAE04EC0-301F-11D3-BF4B-00C04F79EFBC}") = "BankingApp.Application.Core", "src\Core\BankingApp.Application.Core\BankingApp.Application.Core.csproj", "{1B3A7311-D2E6-48CE-8636-2C53E9ED4B1A}"
EndProject
Project("{FAE04EC0-301F-11D3-BF4B-00C04F79EFBC}") = "BankingApp.Infrastructure.Core", "src\Core\BankingApp.Infrastructure.Core\BankingApp.Infrastructure.Core.csproj", "{9E3D800E-BBA2-45F3-9E14-336B26B97F8A}"
EndProject
Global
	GlobalSection(SolutionConfigurationPlatforms) = preSolution
		Debug|Any CPU = Debug|Any CPU
		Release|Any CPU = Release|Any CPU
	EndGlobalSection
	GlobalSection(SolutionProperties) = preSolution
		HideSolutionNode = FALSE
	EndGlobalSection
	GlobalSection(NestedProjects) = preSolution
		{5730F974-36A8-47E3-930F-B88FD817AE77} = {68EDF19A-B410-4AEC-AFE8-6974CE3F8100}
		{41B4DB0B-536A-43C7-AAC9-1C3AB76D1269} = {68EDF19A-B410-4AEC-AFE8-6974CE3F8100}
		{303164F4-CA43-4B79-97B1-30CCB8485C60} = {68EDF19A-B410-4AEC-AFE8-6974CE3F8100}
		{82E3F88E-0072-49C6-A113-98429162E79D} = {68EDF19A-B410-4AEC-AFE8-6974CE3F8100}
		{8C121E9F-0350-4A94-B42A-F2A2D683C4B9} = {EE4D2B3F-9808-4BD8-AFF6-2906C4E1EFA3}
		{43436468-887C-4040-8F70-C734F09B3A5B} = {68EDF19A-B410-4AEC-AFE8-6974CE3F8100}
		{093AB3CF-A1F3-47C6-AD87-E1C3D3DAE2A8} = {43436468-887C-4040-8F70-C734F09B3A5B}
		{5FA22814-A2B3-462D-BF18-39E2AA84D100} = {68EDF19A-B410-4AEC-AFE8-6974CE3F8100}
		{E399EB9A-3F08-4D80-8482-3FBD499AA0AA} = {5FA22814-A2B3-462D-BF18-39E2AA84D100}
		{311CEE69-3AAD-496D-BC88-C33D5AB156B8} = {5FA22814-A2B3-462D-BF18-39E2AA84D100}
		{A20B46A5-985F-46A0-BD01-CADDB28A14A4} = {5FA22814-A2B3-462D-BF18-39E2AA84D100}
		{1B3A7311-D2E6-48CE-8636-2C53E9ED4B1A} = {43436468-887C-4040-8F70-C734F09B3A5B}
		{9E3D800E-BBA2-45F3-9E14-336B26B97F8A} = {43436468-887C-4040-8F70-C734F09B3A5B}
	EndGlobalSection
	GlobalSection(ProjectConfigurationPlatforms) = postSolution
		{5730F974-36A8-47E3-930F-B88FD817AE77}.Debug|Any CPU.ActiveCfg = Debug|Any CPU
		{5730F974-36A8-47E3-930F-B88FD817AE77}.Debug|Any CPU.Build.0 = Debug|Any CPU
		{5730F974-36A8-47E3-930F-B88FD817AE77}.Release|Any CPU.ActiveCfg = Release|Any CPU
		{5730F974-36A8-47E3-930F-B88FD817AE77}.Release|Any CPU.Build.0 = Release|Any CPU
		{41B4DB0B-536A-43C7-AAC9-1C3AB76D1269}.Debug|Any CPU.ActiveCfg = Debug|Any CPU
		{41B4DB0B-536A-43C7-AAC9-1C3AB76D1269}.Debug|Any CPU.Build.0 = Debug|Any CPU
		{41B4DB0B-536A-43C7-AAC9-1C3AB76D1269}.Release|Any CPU.ActiveCfg = Release|Any CPU
		{41B4DB0B-536A-43C7-AAC9-1C3AB76D1269}.Release|Any CPU.Build.0 = Release|Any CPU
		{303164F4-CA43-4B79-97B1-30CCB8485C60}.Debug|Any CPU.ActiveCfg = Debug|Any CPU
		{303164F4-CA43-4B79-97B1-30CCB8485C60}.Debug|Any CPU.Build.0 = Debug|Any CPU
		{303164F4-CA43-4B79-97B1-30CCB8485C60}.Release|Any CPU.ActiveCfg = Release|Any CPU
		{303164F4-CA43-4B79-97B1-30CCB8485C60}.Release|Any CPU.Build.0 = Release|Any CPU
		{82E3F88E-0072-49C6-A113-98429162E79D}.Debug|Any CPU.ActiveCfg = Debug|Any CPU
		{82E3F88E-0072-49C6-A113-98429162E79D}.Debug|Any CPU.Build.0 = Debug|Any CPU
		{82E3F88E-0072-49C6-A113-98429162E79D}.Release|Any CPU.ActiveCfg = Release|Any CPU
		{82E3F88E-0072-49C6-A113-98429162E79D}.Release|Any CPU.Build.0 = Release|Any CPU
		{8C121E9F-0350-4A94-B42A-F2A2D683C4B9}.Debug|Any CPU.ActiveCfg = Debug|Any CPU
		{8C121E9F-0350-4A94-B42A-F2A2D683C4B9}.Debug|Any CPU.Build.0 = Debug|Any CPU
		{8C121E9F-0350-4A94-B42A-F2A2D683C4B9}.Release|Any CPU.ActiveCfg = Release|Any CPU
		{8C121E9F-0350-4A94-B42A-F2A2D683C4B9}.Release|Any CPU.Build.0 = Release|Any CPU
		{093AB3CF-A1F3-47C6-AD87-E1C3D3DAE2A8}.Debug|Any CPU.ActiveCfg = Debug|Any CPU
		{093AB3CF-A1F3-47C6-AD87-E1C3D3DAE2A8}.Debug|Any CPU.Build.0 = Debug|Any CPU
		{093AB3CF-A1F3-47C6-AD87-E1C3D3DAE2A8}.Release|Any CPU.ActiveCfg = Release|Any CPU
		{093AB3CF-A1F3-47C6-AD87-E1C3D3DAE2A8}.Release|Any CPU.Build.0 = Release|Any CPU
		{E399EB9A-3F08-4D80-8482-3FBD499AA0AA}.Debug|Any CPU.ActiveCfg = Debug|Any CPU
		{E399EB9A-3F08-4D80-8482-3FBD499AA0AA}.Debug|Any CPU.Build.0 = Debug|Any CPU
		{E399EB9A-3F08-4D80-8482-3FBD499AA0AA}.Release|Any CPU.ActiveCfg = Release|Any CPU
		{E399EB9A-3F08-4D80-8482-3FBD499AA0AA}.Release|Any CPU.Build.0 = Release|Any CPU
		{311CEE69-3AAD-496D-BC88-C33D5AB156B8}.Debug|Any CPU.ActiveCfg = Debug|Any CPU
		{311CEE69-3AAD-496D-BC88-C33D5AB156B8}.Debug|Any CPU.Build.0 = Debug|Any CPU
		{311CEE69-3AAD-496D-BC88-C33D5AB156B8}.Release|Any CPU.ActiveCfg = Release|Any CPU
		{311CEE69-3AAD-496D-BC88-C33D5AB156B8}.Release|Any CPU.Build.0 = Release|Any CPU
		{A20B46A5-985F-46A0-BD01-CADDB28A14A4}.Debug|Any CPU.ActiveCfg = Debug|Any CPU
		{A20B46A5-985F-46A0-BD01-CADDB28A14A4}.Debug|Any CPU.Build.0 = Debug|Any CPU
		{A20B46A5-985F-46A0-BD01-CADDB28A14A4}.Release|Any CPU.ActiveCfg = Release|Any CPU
		{A20B46A5-985F-46A0-BD01-CADDB28A14A4}.Release|Any CPU.Build.0 = Release|Any CPU
		{1B3A7311-D2E6-48CE-8636-2C53E9ED4B1A}.Debug|Any CPU.ActiveCfg = Debug|Any CPU
		{1B3A7311-D2E6-48CE-8636-2C53E9ED4B1A}.Debug|Any CPU.Build.0 = Debug|Any CPU
		{1B3A7311-D2E6-48CE-8636-2C53E9ED4B1A}.Release|Any CPU.ActiveCfg = Release|Any CPU
		{1B3A7311-D2E6-48CE-8636-2C53E9ED4B1A}.Release|Any CPU.Build.0 = Release|Any CPU
		{9E3D800E-BBA2-45F3-9E14-336B26B97F8A}.Debug|Any CPU.ActiveCfg = Debug|Any CPU
		{9E3D800E-BBA2-45F3-9E14-336B26B97F8A}.Debug|Any CPU.Build.0 = Debug|Any CPU
		{9E3D800E-BBA2-45F3-9E14-336B26B97F8A}.Release|Any CPU.ActiveCfg = Release|Any CPU
		{9E3D800E-BBA2-45F3-9E14-336B26B97F8A}.Release|Any CPU.Build.0 = Release|Any CPU
	EndGlobalSection
EndGlobal
