
Microsoft Visual Studio Solution File, Format Version 12.00
# Visual Studio Version 17
VisualStudioVersion = 17.0.31903.59
MinimumVisualStudioVersion = 10.0.40219.1
Project("{2150E333-8FDC-42A3-9474-1A3956D46DE8}") = "src", "src", "{68EDF19A-B410-4AEC-AFE8-6974CE3F8100}"
EndProject
Project("{2150E333-8FDC-42A3-9474-1A3956D46DE8}") = "Solution Items", "Solution Items", "{EBAB86B0-18EE-4B7F-9AC4-A3CDCCF14F30}"
	ProjectSection(SolutionItems) = preProject
		docker-compose.yml = docker-compose.yml
		README.md = README.md
		.dockerignore = .dockerignore
		.gitignore = .gitignore
	EndProjectSection
EndProject
Project("{2150E333-8FDC-42A3-9474-1A3956D46DE8}") = "tests", "tests", "{EE4D2B3F-9808-4BD8-AFF6-2906C4E1EFA3}"
EndProject
Project("{FAE04EC0-301F-11D3-BF4B-00C04F79EFBC}") = "BankingApp.Domain", "src\BankingApp.Domain\BankingApp.Domain.csproj", "{5730F974-36A8-47E3-930F-B88FD817AE77}"
EndProject
Project("{FAE04EC0-301F-11D3-BF4B-00C04F79EFBC}") = "BankingApp.Infrastructure", "src\BankingApp.Infrastructure\BankingApp.Infrastructure.csproj", "{41B4DB0B-536A-43C7-AAC9-1C3AB76D1269}"
EndProject
Project("{FAE04EC0-301F-11D3-BF4B-00C04F79EFBC}") = "BankingApp.Application", "src\BankingApp.Application\BankingApp.Application.csproj", "{303164F4-CA43-4B79-97B1-30CCB8485C60}"
EndProject
Project("{FAE04EC0-301F-11D3-BF4B-00C04F79EFBC}") = "BankingApp.Api", "src\BankingApp.Api\BankingApp.Api.csproj", "{82E3F88E-0072-49C6-A113-98429162E79D}"
EndProject
Project("{FAE04EC0-301F-11D3-BF4B-00C04F79EFBC}") = "BankingApp.UnitTests", "tests\BankingApp.UnitTests\BankingApp.UnitTests.csproj", "{8C121E9F-0350-4A94-B42A-F2A2D683C4B9}"
EndProject
Global
	GlobalSection(SolutionConfigurationPlatforms) = preSolution
		Debug|Any CPU = Debug|Any CPU
		Release|Any CPU = Release|Any CPU
	EndGlobalSection
	GlobalSection(SolutionProperties) = preSolution
		HideSolutionNode = FALSE
	EndGlobalSection
	GlobalSection(NestedProjects) = preSolution
		{5730F974-36A8-47E3-930F-B88FD817AE77} = {68EDF19A-B410-4AEC-AFE8-6974CE3F8100}
		{41B4DB0B-536A-43C7-AAC9-1C3AB76D1269} = {68EDF19A-B410-4AEC-AFE8-6974CE3F8100}
		{303164F4-CA43-4B79-97B1-30CCB8485C60} = {68EDF19A-B410-4AEC-AFE8-6974CE3F8100}
		{82E3F88E-0072-49C6-A113-98429162E79D} = {68EDF19A-B410-4AEC-AFE8-6974CE3F8100}
		{8C121E9F-0350-4A94-B42A-F2A2D683C4B9} = {EE4D2B3F-9808-4BD8-AFF6-2906C4E1EFA3}
	EndGlobalSection
	GlobalSection(ProjectConfigurationPlatforms) = postSolution
		{5730F974-36A8-47E3-930F-B88FD817AE77}.Debug|Any CPU.ActiveCfg = Debug|Any CPU
		{5730F974-36A8-47E3-930F-B88FD817AE77}.Debug|Any CPU.Build.0 = Debug|Any CPU
		{5730F974-36A8-47E3-930F-B88FD817AE77}.Release|Any CPU.ActiveCfg = Release|Any CPU
		{5730F974-36A8-47E3-930F-B88FD817AE77}.Release|Any CPU.Build.0 = Release|Any CPU
		{41B4DB0B-536A-43C7-AAC9-1C3AB76D1269}.Debug|Any CPU.ActiveCfg = Debug|Any CPU
		{41B4DB0B-536A-43C7-AAC9-1C3AB76D1269}.Debug|Any CPU.Build.0 = Debug|Any CPU
		{41B4DB0B-536A-43C7-AAC9-1C3AB76D1269}.Release|Any CPU.ActiveCfg = Release|Any CPU
		{41B4DB0B-536A-43C7-AAC9-1C3AB76D1269}.Release|Any CPU.Build.0 = Release|Any CPU
		{303164F4-CA43-4B79-97B1-30CCB8485C60}.Debug|Any CPU.ActiveCfg = Debug|Any CPU
		{303164F4-CA43-4B79-97B1-30CCB8485C60}.Debug|Any CPU.Build.0 = Debug|Any CPU
		{303164F4-CA43-4B79-97B1-30CCB8485C60}.Release|Any CPU.ActiveCfg = Release|Any CPU
		{303164F4-CA43-4B79-97B1-30CCB8485C60}.Release|Any CPU.Build.0 = Release|Any CPU
		{82E3F88E-0072-49C6-A113-98429162E79D}.Debug|Any CPU.ActiveCfg = Debug|Any CPU
		{82E3F88E-0072-49C6-A113-98429162E79D}.Debug|Any CPU.Build.0 = Debug|Any CPU
		{82E3F88E-0072-49C6-A113-98429162E79D}.Release|Any CPU.ActiveCfg = Release|Any CPU
		{82E3F88E-0072-49C6-A113-98429162E79D}.Release|Any CPU.Build.0 = Release|Any CPU
		{8C121E9F-0350-4A94-B42A-F2A2D683C4B9}.Debug|Any CPU.ActiveCfg = Debug|Any CPU
		{8C121E9F-0350-4A94-B42A-F2A2D683C4B9}.Debug|Any CPU.Build.0 = Debug|Any CPU
		{8C121E9F-0350-4A94-B42A-F2A2D683C4B9}.Release|Any CPU.ActiveCfg = Release|Any CPU
		{8C121E9F-0350-4A94-B42A-F2A2D683C4B9}.Release|Any CPU.Build.0 = Release|Any CPU
	EndGlobalSection
EndGlobal
