
Microsoft Visual Studio Solution File, Format Version 12.00
# Visual Studio Version 17
VisualStudioVersion = 17.0.31903.59
MinimumVisualStudioVersion = 10.0.40219.1
Project("{2150E333-8FDC-42A3-9474-1A3956D46DE8}") = "src", "src", "{68EDF19A-B410-4AEC-AFE8-6974CE3F8100}"
EndProject
Project("{2150E333-8FDC-42A3-9474-1A3956D46DE8}") = "Solution Items", "Solution Items", "{EBAB86B0-18EE-4B7F-9AC4-A3CDCCF14F30}"
	ProjectSection(SolutionItems) = preProject
		docker-compose.yml = docker-compose.yml
		README.md = README.md
		.dockerignore = .dockerignore
		.gitignore = .gitignore
		.editorconfig = .editorconfig
		otel-collector-config.yml = otel-collector-config.yml
		prometheus.yml = prometheus.yml
	EndProjectSection
EndProject
Project("{2150E333-8FDC-42A3-9474-1A3956D46DE8}") = "Core", "Core", "{43436468-887C-4040-8F70-C734F09B3A5B}"
EndProject
Project("{FAE04EC0-301F-11D3-BF4B-00C04F79EFBC}") = "BankingApp.Domain.Core", "src\Core\BankingApp.Domain.Core\BankingApp.Domain.Core.csproj", "{093AB3CF-A1F3-47C6-AD87-E1C3D3DAE2A8}"
EndProject
Project("{2150E333-8FDC-42A3-9474-1A3956D46DE8}") = "Transactions", "Transactions", "{5FA22814-A2B3-462D-BF18-39E2AA84D100}"
EndProject
Project("{FAE04EC0-301F-11D3-BF4B-00C04F79EFBC}") = "BankingApp.Transactions.Domain", "src\Transactions\BankingApp.Transactions.Domain\BankingApp.Transactions.Domain.csproj", "{E399EB9A-3F08-4D80-8482-3FBD499AA0AA}"
EndProject
Project("{FAE04EC0-301F-11D3-BF4B-00C04F79EFBC}") = "BankingApp.Transactions.UnitTests", "src\Transactions\BankingApp.Transactions.UnitTests\BankingApp.Transactions.UnitTests.csproj", "{311CEE69-3AAD-496D-BC88-C33D5AB156B8}"
EndProject
Project("{FAE04EC0-301F-11D3-BF4B-00C04F79EFBC}") = "BankingApp.Transactions.API", "src\Transactions\BankingApp.Transactions.API\BankingApp.Transactions.API.csproj", "{A20B46A5-985F-46A0-BD01-CADDB28A14A4}"
EndProject
Project("{FAE04EC0-301F-11D3-BF4B-00C04F79EFBC}") = "BankingApp.Application.Core", "src\Core\BankingApp.Application.Core\BankingApp.Application.Core.csproj", "{1B3A7311-D2E6-48CE-8636-2C53E9ED4B1A}"
EndProject
Project("{FAE04EC0-301F-11D3-BF4B-00C04F79EFBC}") = "BankingApp.Infrastructure.Core", "src\Core\BankingApp.Infrastructure.Core\BankingApp.Infrastructure.Core.csproj", "{9E3D800E-BBA2-45F3-9E14-336B26B97F8A}"
EndProject
Project("{FAE04EC0-301F-11D3-BF4B-00C04F79EFBC}") = "BankingApp.Messaging.Contracts", "src\Core\BankingApp.Messaging.Contracts\BankingApp.Messaging.Contracts.csproj", "{67298C33-C9A3-4427-8124-8C66CCE59481}"
EndProject
Project("{2150E333-8FDC-42A3-9474-1A3956D46DE8}") = "Accounts", "Accounts", "{F9AAB87B-1441-447B-BDC2-3864BF804DBC}"
EndProject
Project("{FAE04EC0-301F-11D3-BF4B-00C04F79EFBC}") = "BankingApp.Accounts.Domain", "src\Accounts\BankingApp.Accounts.Domain\BankingApp.Accounts.Domain.csproj", "{97FDE7C0-4865-4741-8A85-F633F1EEC366}"
EndProject
Project("{FAE04EC0-301F-11D3-BF4B-00C04F79EFBC}") = "BankingApp.Accounts.API", "src\Accounts\BankingApp.Accounts.API\BankingApp.Accounts.API.csproj", "{AA05F516-ADE9-4776-89F0-C329A0E17847}"
EndProject
Project("{2150E333-8FDC-42A3-9474-1A3956D46DE8}") = "Gateway", "Gateway", "{C7BF9041-BD13-4DBE-ACA7-6B3726D41D47}"
EndProject
Project("{FAE04EC0-301F-11D3-BF4B-00C04F79EFBC}") = "BankingApp.Gateway", "src\Gateway\BankingApp.Gateway\BankingApp.Gateway.csproj", "{7769E2D2-9005-46E1-9CFA-03E0C5772811}"
EndProject
Project("{FAE04EC0-301F-11D3-BF4B-00C04F79EFBC}") = "BankingApp.Accounts.UnitTests", "src\Accounts\BankingApp.Accounts.UnitTests\BankingApp.Accounts.UnitTests.csproj", "{8435A667-A725-44F7-9C93-36635FDD1CF9}"
EndProject
Project("{2150E333-8FDC-42A3-9474-1A3956D46DE8}") = "Fees", "Fees", "{E4BF7339-8762-4282-B962-3A98C2A70296}"
EndProject
Project("{FAE04EC0-301F-11D3-BF4B-00C04F79EFBC}") = "BankingApp.Fees.Domain", "src\Fees\BankingApp.Fees.Domain\BankingApp.Fees.Domain.csproj", "{D707B6AC-B490-4B99-A73A-17D747719530}"
EndProject
Project("{FAE04EC0-301F-11D3-BF4B-00C04F79EFBC}") = "BankingApp.Fees.API", "src\Fees\BankingApp.Fees.API\BankingApp.Fees.API.csproj", "{B5EE3526-5834-4D83-8684-F67A135CFBA2}"
EndProject
Project("{2150E333-8FDC-42A3-9474-1A3956D46DE8}") = ".github", ".github", "{31F0C06D-DE14-4F4B-B811-E1D22A28C921}"
EndProject
Project("{2150E333-8FDC-42A3-9474-1A3956D46DE8}") = "workflows", "workflows", "{D932D6B1-EB51-4D57-9F6E-94BCA4FB194D}"
	ProjectSection(SolutionItems) = preProject
		.github\workflows\push.yml = .github\workflows\push.yml
		.github\workflows\pull_request.yml = .github\workflows\pull_request.yml
	EndProjectSection
EndProject
Project("{FAE04EC0-301F-11D3-BF4B-00C04F79EFBC}") = "BankingApp.Fees.IntegrationTests", "src\Fees\BankingApp.Fees.IntegrationTests\BankingApp.Fees.IntegrationTests.csproj", "{954994DB-FA8D-4CD2-AAF0-82D5D079B597}"
EndProject
Global
	GlobalSection(SolutionConfigurationPlatforms) = preSolution
		Debug|Any CPU = Debug|Any CPU
		Release|Any CPU = Release|Any CPU
	EndGlobalSection
	GlobalSection(SolutionProperties) = preSolution
		HideSolutionNode = FALSE
	EndGlobalSection
	GlobalSection(NestedProjects) = preSolution
		{43436468-887C-4040-8F70-C734F09B3A5B} = {68EDF19A-B410-4AEC-AFE8-6974CE3F8100}
		{093AB3CF-A1F3-47C6-AD87-E1C3D3DAE2A8} = {43436468-887C-4040-8F70-C734F09B3A5B}
		{5FA22814-A2B3-462D-BF18-39E2AA84D100} = {68EDF19A-B410-4AEC-AFE8-6974CE3F8100}
		{E399EB9A-3F08-4D80-8482-3FBD499AA0AA} = {5FA22814-A2B3-462D-BF18-39E2AA84D100}
		{311CEE69-3AAD-496D-BC88-C33D5AB156B8} = {5FA22814-A2B3-462D-BF18-39E2AA84D100}
		{A20B46A5-985F-46A0-BD01-CADDB28A14A4} = {5FA22814-A2B3-462D-BF18-39E2AA84D100}
		{1B3A7311-D2E6-48CE-8636-2C53E9ED4B1A} = {43436468-887C-4040-8F70-C734F09B3A5B}
		{9E3D800E-BBA2-45F3-9E14-336B26B97F8A} = {43436468-887C-4040-8F70-C734F09B3A5B}
		{67298C33-C9A3-4427-8124-8C66CCE59481} = {43436468-887C-4040-8F70-C734F09B3A5B}
		{F9AAB87B-1441-447B-BDC2-3864BF804DBC} = {68EDF19A-B410-4AEC-AFE8-6974CE3F8100}
		{97FDE7C0-4865-4741-8A85-F633F1EEC366} = {F9AAB87B-1441-447B-BDC2-3864BF804DBC}
		{AA05F516-ADE9-4776-89F0-C329A0E17847} = {F9AAB87B-1441-447B-BDC2-3864BF804DBC}
		{C7BF9041-BD13-4DBE-ACA7-6B3726D41D47} = {68EDF19A-B410-4AEC-AFE8-6974CE3F8100}
		{7769E2D2-9005-46E1-9CFA-03E0C5772811} = {C7BF9041-BD13-4DBE-ACA7-6B3726D41D47}
		{8435A667-A725-44F7-9C93-36635FDD1CF9} = {F9AAB87B-1441-447B-BDC2-3864BF804DBC}
		{E4BF7339-8762-4282-B962-3A98C2A70296} = {68EDF19A-B410-4AEC-AFE8-6974CE3F8100}
		{D707B6AC-B490-4B99-A73A-17D747719530} = {E4BF7339-8762-4282-B962-3A98C2A70296}
		{B5EE3526-5834-4D83-8684-F67A135CFBA2} = {E4BF7339-8762-4282-B962-3A98C2A70296}
		{31F0C06D-DE14-4F4B-B811-E1D22A28C921} = {EBAB86B0-18EE-4B7F-9AC4-A3CDCCF14F30}
		{D932D6B1-EB51-4D57-9F6E-94BCA4FB194D} = {31F0C06D-DE14-4F4B-B811-E1D22A28C921}
		{954994DB-FA8D-4CD2-AAF0-82D5D079B597} = {E4BF7339-8762-4282-B962-3A98C2A70296}
	EndGlobalSection
	GlobalSection(ProjectConfigurationPlatforms) = postSolution
		{093AB3CF-A1F3-47C6-AD87-E1C3D3DAE2A8}.Debug|Any CPU.ActiveCfg = Debug|Any CPU
		{093AB3CF-A1F3-47C6-AD87-E1C3D3DAE2A8}.Debug|Any CPU.Build.0 = Debug|Any CPU
		{093AB3CF-A1F3-47C6-AD87-E1C3D3DAE2A8}.Release|Any CPU.ActiveCfg = Release|Any CPU
		{093AB3CF-A1F3-47C6-AD87-E1C3D3DAE2A8}.Release|Any CPU.Build.0 = Release|Any CPU
		{E399EB9A-3F08-4D80-8482-3FBD499AA0AA}.Debug|Any CPU.ActiveCfg = Debug|Any CPU
		{E399EB9A-3F08-4D80-8482-3FBD499AA0AA}.Debug|Any CPU.Build.0 = Debug|Any CPU
		{E399EB9A-3F08-4D80-8482-3FBD499AA0AA}.Release|Any CPU.ActiveCfg = Release|Any CPU
		{E399EB9A-3F08-4D80-8482-3FBD499AA0AA}.Release|Any CPU.Build.0 = Release|Any CPU
		{311CEE69-3AAD-496D-BC88-C33D5AB156B8}.Debug|Any CPU.ActiveCfg = Debug|Any CPU
		{311CEE69-3AAD-496D-BC88-C33D5AB156B8}.Debug|Any CPU.Build.0 = Debug|Any CPU
		{311CEE69-3AAD-496D-BC88-C33D5AB156B8}.Release|Any CPU.ActiveCfg = Release|Any CPU
		{311CEE69-3AAD-496D-BC88-C33D5AB156B8}.Release|Any CPU.Build.0 = Release|Any CPU
		{A20B46A5-985F-46A0-BD01-CADDB28A14A4}.Debug|Any CPU.ActiveCfg = Debug|Any CPU
		{A20B46A5-985F-46A0-BD01-CADDB28A14A4}.Debug|Any CPU.Build.0 = Debug|Any CPU
		{A20B46A5-985F-46A0-BD01-CADDB28A14A4}.Release|Any CPU.ActiveCfg = Release|Any CPU
		{A20B46A5-985F-46A0-BD01-CADDB28A14A4}.Release|Any CPU.Build.0 = Release|Any CPU
		{1B3A7311-D2E6-48CE-8636-2C53E9ED4B1A}.Debug|Any CPU.ActiveCfg = Debug|Any CPU
		{1B3A7311-D2E6-48CE-8636-2C53E9ED4B1A}.Debug|Any CPU.Build.0 = Debug|Any CPU
		{1B3A7311-D2E6-48CE-8636-2C53E9ED4B1A}.Release|Any CPU.ActiveCfg = Release|Any CPU
		{1B3A7311-D2E6-48CE-8636-2C53E9ED4B1A}.Release|Any CPU.Build.0 = Release|Any CPU
		{9E3D800E-BBA2-45F3-9E14-336B26B97F8A}.Debug|Any CPU.ActiveCfg = Debug|Any CPU
		{9E3D800E-BBA2-45F3-9E14-336B26B97F8A}.Debug|Any CPU.Build.0 = Debug|Any CPU
		{9E3D800E-BBA2-45F3-9E14-336B26B97F8A}.Release|Any CPU.ActiveCfg = Release|Any CPU
		{9E3D800E-BBA2-45F3-9E14-336B26B97F8A}.Release|Any CPU.Build.0 = Release|Any CPU
		{67298C33-C9A3-4427-8124-8C66CCE59481}.Debug|Any CPU.ActiveCfg = Debug|Any CPU
		{67298C33-C9A3-4427-8124-8C66CCE59481}.Debug|Any CPU.Build.0 = Debug|Any CPU
		{67298C33-C9A3-4427-8124-8C66CCE59481}.Release|Any CPU.ActiveCfg = Release|Any CPU
		{67298C33-C9A3-4427-8124-8C66CCE59481}.Release|Any CPU.Build.0 = Release|Any CPU
		{97FDE7C0-4865-4741-8A85-F633F1EEC366}.Debug|Any CPU.ActiveCfg = Debug|Any CPU
		{97FDE7C0-4865-4741-8A85-F633F1EEC366}.Debug|Any CPU.Build.0 = Debug|Any CPU
		{97FDE7C0-4865-4741-8A85-F633F1EEC366}.Release|Any CPU.ActiveCfg = Release|Any CPU
		{97FDE7C0-4865-4741-8A85-F633F1EEC366}.Release|Any CPU.Build.0 = Release|Any CPU
		{AA05F516-ADE9-4776-89F0-C329A0E17847}.Debug|Any CPU.ActiveCfg = Debug|Any CPU
		{AA05F516-ADE9-4776-89F0-C329A0E17847}.Debug|Any CPU.Build.0 = Debug|Any CPU
		{AA05F516-ADE9-4776-89F0-C329A0E17847}.Release|Any CPU.ActiveCfg = Release|Any CPU
		{AA05F516-ADE9-4776-89F0-C329A0E17847}.Release|Any CPU.Build.0 = Release|Any CPU
		{7769E2D2-9005-46E1-9CFA-03E0C5772811}.Debug|Any CPU.ActiveCfg = Debug|Any CPU
		{7769E2D2-9005-46E1-9CFA-03E0C5772811}.Debug|Any CPU.Build.0 = Debug|Any CPU
		{7769E2D2-9005-46E1-9CFA-03E0C5772811}.Release|Any CPU.ActiveCfg = Release|Any CPU
		{7769E2D2-9005-46E1-9CFA-03E0C5772811}.Release|Any CPU.Build.0 = Release|Any CPU
		{8435A667-A725-44F7-9C93-36635FDD1CF9}.Debug|Any CPU.ActiveCfg = Debug|Any CPU
		{8435A667-A725-44F7-9C93-36635FDD1CF9}.Debug|Any CPU.Build.0 = Debug|Any CPU
		{8435A667-A725-44F7-9C93-36635FDD1CF9}.Release|Any CPU.ActiveCfg = Release|Any CPU
		{8435A667-A725-44F7-9C93-36635FDD1CF9}.Release|Any CPU.Build.0 = Release|Any CPU
		{D707B6AC-B490-4B99-A73A-17D747719530}.Debug|Any CPU.ActiveCfg = Debug|Any CPU
		{D707B6AC-B490-4B99-A73A-17D747719530}.Debug|Any CPU.Build.0 = Debug|Any CPU
		{D707B6AC-B490-4B99-A73A-17D747719530}.Release|Any CPU.ActiveCfg = Release|Any CPU
		{D707B6AC-B490-4B99-A73A-17D747719530}.Release|Any CPU.Build.0 = Release|Any CPU
		{B5EE3526-5834-4D83-8684-F67A135CFBA2}.Debug|Any CPU.ActiveCfg = Debug|Any CPU
		{B5EE3526-5834-4D83-8684-F67A135CFBA2}.Debug|Any CPU.Build.0 = Debug|Any CPU
		{B5EE3526-5834-4D83-8684-F67A135CFBA2}.Release|Any CPU.ActiveCfg = Release|Any CPU
		{B5EE3526-5834-4D83-8684-F67A135CFBA2}.Release|Any CPU.Build.0 = Release|Any CPU
		{954994DB-FA8D-4CD2-AAF0-82D5D079B597}.Debug|Any CPU.ActiveCfg = Debug|Any CPU
		{954994DB-FA8D-4CD2-AAF0-82D5D079B597}.Debug|Any CPU.Build.0 = Debug|Any CPU
		{954994DB-FA8D-4CD2-AAF0-82D5D079B597}.Release|Any CPU.ActiveCfg = Release|Any CPU
		{954994DB-FA8D-4CD2-AAF0-82D5D079B597}.Release|Any CPU.Build.0 = Release|Any CPU
	EndGlobalSection
EndGlobal
